
Microsoft Visual Studio Solution File, Format Version 12.00
# Visual Studio Version 17
VisualStudioVersion = 17.8.34309.116
MinimumVisualStudioVersion = 10.0.40219.1
Project("{9A19103F-16F7-4668-BE54-9A1E7A4F7556}") = "DotNet8Auth.API", "DotNet8Auth.API\DotNet8Auth.API.csproj", "{FA0A57B3-4DD8-436C-92CD-616FFA8A4E38}"
EndProject
Project("{9A19103F-16F7-4668-BE54-9A1E7A4F7556}") = "DotNet8Auth.Shared", "DotNet8Auth.Shared\DotNet8Auth.Shared.csproj", "{8858FC71-355B-4769-95FE-2F5EE5C46EB5}"
EndProject
Project("{9A19103F-16F7-4668-BE54-9A1E7A4F7556}") = "DotNet8Auth.UiTests", "DotNet8Auth.UiTests\DotNet8Auth.UiTests.csproj", "{89273042-16A5-40F4-8177-48C078B3639F}"
EndProject
Project("{FAE04EC0-301F-11D3-BF4B-00C04F79EFBC}") = "DotNet8Auth.BlazorWasmApp", "DotNet8Auth.BlazorWasmApp\DotNet8Auth.BlazorWasmApp.csproj", "{376D8109-1F3D-4872-B5B8-3780F3712A3A}"
EndProject
Project("{FAE04EC0-301F-11D3-BF4B-00C04F79EFBC}") = "DotNet8Auth.MobileApp", "DotNet8Auth.MobileApp\DotNet8Auth.MobileApp.csproj", "{498C1520-B990-49F8-AFFC-4FC1643438D4}"
EndProject
Project("{FAE04EC0-301F-11D3-BF4B-00C04F79EFBC}") = "DotNet8Auth.MapIdentityAPI", "DotNet8Auth.MapIdentityAPI\DotNet8Auth.MapIdentityAPI.csproj", "{43EDC430-6B7B-4EA4-9BD4-01D5E5F752F2}"
EndProject
Project("{FAE04EC0-301F-11D3-BF4B-00C04F79EFBC}") = "Dotnet8Auth.BlazorServerApp", "Dotnet8Auth.BlazorServerApp\Dotnet8Auth.BlazorServerApp.csproj", "{4FBD7A7A-AB71-465D-AAAC-081E10EB358B}"
EndProject
Global
	GlobalSection(SolutionConfigurationPlatforms) = preSolution
		Debug|Any CPU = Debug|Any CPU
		Release|Any CPU = Release|Any CPU
	EndGlobalSection
	GlobalSection(ProjectConfigurationPlatforms) = postSolution
		{FA0A57B3-4DD8-436C-92CD-616FFA8A4E38}.Debug|Any CPU.ActiveCfg = Debug|Any CPU
		{FA0A57B3-4DD8-436C-92CD-616FFA8A4E38}.Debug|Any CPU.Build.0 = Debug|Any CPU
		{FA0A57B3-4DD8-436C-92CD-616FFA8A4E38}.Release|Any CPU.ActiveCfg = Release|Any CPU
		{FA0A57B3-4DD8-436C-92CD-616FFA8A4E38}.Release|Any CPU.Build.0 = Release|Any CPU
		{8858FC71-355B-4769-95FE-2F5EE5C46EB5}.Debug|Any CPU.ActiveCfg = Debug|Any CPU
		{8858FC71-355B-4769-95FE-2F5EE5C46EB5}.Debug|Any CPU.Build.0 = Debug|Any CPU
		{8858FC71-355B-4769-95FE-2F5EE5C46EB5}.Release|Any CPU.ActiveCfg = Release|Any CPU
		{8858FC71-355B-4769-95FE-2F5EE5C46EB5}.Release|Any CPU.Build.0 = Release|Any CPU
		{89273042-16A5-40F4-8177-48C078B3639F}.Debug|Any CPU.ActiveCfg = Debug|Any CPU
		{89273042-16A5-40F4-8177-48C078B3639F}.Debug|Any CPU.Build.0 = Debug|Any CPU
		{89273042-16A5-40F4-8177-48C078B3639F}.Release|Any CPU.ActiveCfg = Release|Any CPU
		{89273042-16A5-40F4-8177-48C078B3639F}.Release|Any CPU.Build.0 = Release|Any CPU
		{376D8109-1F3D-4872-B5B8-3780F3712A3A}.Debug|Any CPU.ActiveCfg = Debug|Any CPU
		{376D8109-1F3D-4872-B5B8-3780F3712A3A}.Debug|Any CPU.Build.0 = Debug|Any CPU
		{376D8109-1F3D-4872-B5B8-3780F3712A3A}.Release|Any CPU.ActiveCfg = Release|Any CPU
		{376D8109-1F3D-4872-B5B8-3780F3712A3A}.Release|Any CPU.Build.0 = Release|Any CPU
		{498C1520-B990-49F8-AFFC-4FC1643438D4}.Debug|Any CPU.ActiveCfg = Debug|Any CPU
		{498C1520-B990-49F8-AFFC-4FC1643438D4}.Debug|Any CPU.Build.0 = Debug|Any CPU
		{498C1520-B990-49F8-AFFC-4FC1643438D4}.Release|Any CPU.ActiveCfg = Release|Any CPU
		{498C1520-B990-49F8-AFFC-4FC1643438D4}.Release|Any CPU.Build.0 = Release|Any CPU
		{43EDC430-6B7B-4EA4-9BD4-01D5E5F752F2}.Debug|Any CPU.ActiveCfg = Debug|Any CPU
		{43EDC430-6B7B-4EA4-9BD4-01D5E5F752F2}.Debug|Any CPU.Build.0 = Debug|Any CPU
		{43EDC430-6B7B-4EA4-9BD4-01D5E5F752F2}.Release|Any CPU.ActiveCfg = Release|Any CPU
		{43EDC430-6B7B-4EA4-9BD4-01D5E5F752F2}.Release|Any CPU.Build.0 = Release|Any CPU
		{4FBD7A7A-AB71-465D-AAAC-081E10EB358B}.Debug|Any CPU.ActiveCfg = Debug|Any CPU
		{4FBD7A7A-AB71-465D-AAAC-081E10EB358B}.Debug|Any CPU.Build.0 = Debug|Any CPU
		{4FBD7A7A-AB71-465D-AAAC-081E10EB358B}.Release|Any CPU.ActiveCfg = Release|Any CPU
		{4FBD7A7A-AB71-465D-AAAC-081E10EB358B}.Release|Any CPU.Build.0 = Release|Any CPU
	EndGlobalSection
	GlobalSection(SolutionProperties) = preSolution
		HideSolutionNode = FALSE
	EndGlobalSection
	GlobalSection(ExtensibilityGlobals) = postSolution
		SolutionGuid = {C8B3567C-6A99-41CD-9572-79B725BEA200}
	EndGlobalSection
EndGlobal
